
Microsoft Visual Studio Solution File, Format Version 12.00
# Visual Studio Version 17
VisualStudioVersion = 17.2.32630.192
MinimumVisualStudioVersion = 10.0.40219.1
Project("{FAE04EC0-301F-11D3-BF4B-00C04F79EFBC}") = "ATMDemoProject_MVVM", "ATMDemoProject_MVVM\ATMDemoProject_MVVM.csproj", "{5A5366DE-3A67-4FDC-8734-9120B222FF23}"
EndProject
Global
	GlobalSection(SolutionConfigurationPlatforms) = preSolution
		Debug|Any CPU = Debug|Any CPU
		Release|Any CPU = Release|Any CPU
	EndGlobalSection
	GlobalSection(ProjectConfigurationPlatforms) = postSolution
		{5A5366DE-3A67-4FDC-8734-9120B222FF23}.Debug|Any CPU.ActiveCfg = Debug|Any CPU
		{5A5366DE-3A67-4FDC-8734-9120B222FF23}.Debug|Any CPU.Build.0 = Debug|Any CPU
		{5A5366DE-3A67-4FDC-8734-9120B222FF23}.Release|Any CPU.ActiveCfg = Release|Any CPU
		{5A5366DE-3A67-4FDC-8734-9120B222FF23}.Release|Any CPU.Build.0 = Release|Any CPU
	EndGlobalSection
	GlobalSection(SolutionProperties) = preSolution
		HideSolutionNode = FALSE
	EndGlobalSection
	GlobalSection(ExtensibilityGlobals) = postSolution
		SolutionGuid = {31EC0CA3-5A22-4783-BF1E-591D995B984D}
	EndGlobalSection
EndGlobal
